<?xml version="1.0" encoding="utf-8"?>
<Project ToolsVersion="4.0" xmlns="http://schemas.microsoft.com/developer/msbuild/2003">
  <ItemGroup>
    <Filter Include="Quelldateien">
      <UniqueIdentifier>{4FC737F1-C7A5-4376-A066-2A32D752A2FF}</UniqueIdentifier>
      <Extensions>cpp;c;cc;cxx;c++;cppm;ixx;def;odl;idl;hpj;bat;asm;asmx</Extensions>
    </Filter>
    <Filter Include="Headerdateien">
      <UniqueIdentifier>{93995380-89BD-4b04-88EB-625FBE52EBFB}</UniqueIdentifier>
      <Extensions>h;hh;hpp;hxx;h++;hm;inl;inc;ipp;xsd</Extensions>
    </Filter>
    <Filter Include="Ressourcendateien">
      <UniqueIdentifier>{67DA6AB6-F800-4c08-8B7A-83BB121AAD01}</UniqueIdentifier>
      <Extensions>rc;ico;cur;bmp;dlg;rc2;rct;bin;rgs;gif;jpg;jpeg;jpe;resx;tiff;tif;png;wav;mfcribbon-ms</Extensions>
    </Filter>
  </ItemGroup>
  <ItemGroup>
    <ClCompile Include="Engine.cpp">
      <Filter>Quelldateien</Filter>
    </ClCompile>
    <ClCompile Include="Source\Core\Renderer\RenderContext.cpp">
      <Filter>Quelldateien</Filter>
    </ClCompile>
    <ClCompile Include="Source\Core\Renderer\Shader\ShaderProgram.cpp">
      <Filter>Quelldateien</Filter>
    </ClCompile>
    <ClCompile Include="Source\Core\Scene\Camera3D.cpp">
      <Filter>Quelldateien</Filter>
    </ClCompile>
    <ClCompile Include="Source\Core\Scene\Object3D.cpp">
      <Filter>Quelldateien</Filter>
    </ClCompile>
    <ClCompile Include="Source\Util\AssetLoader.cpp">
      <Filter>Quelldateien</Filter>
    </ClCompile>
    <ClCompile Include="Source\External\stb_image.cpp">
      <Filter>Quelldateien</Filter>
    </ClCompile>
    <ClCompile Include="Source\Core\Editor\GlobalContext.cpp">
      <Filter>Quelldateien</Filter>
    </ClCompile>
    <ClCompile Include="Source\Core\Renderer\Primitives\Cube.cpp">
      <Filter>Quelldateien</Filter>
    </ClCompile>
    <ClCompile Include="Source\Core\Renderer\Primitives\Line.cpp">
      <Filter>Quelldateien</Filter>
    </ClCompile>
    <ClCompile Include="Source\Core\Scene\Collider.cpp">
      <Filter>Quelldateien</Filter>
    </ClCompile>
    <ClCompile Include="Source\Core\Scene\DebugPrimitives\Cube3D.cpp">
      <Filter>Quelldateien</Filter>
    </ClCompile>
    <ClCompile Include="Source\Core\Scene\DebugPrimitives\Line3D.cpp">
      <Filter>Quelldateien</Filter>
    </ClCompile>
    <ClCompile Include="Source\Core\Scene\Handle.cpp">
      <Filter>Quelldateien</Filter>
    </ClCompile>
    <ClCompile Include="Source\Core\Scene\Lighting\PointLight.cpp">
      <Filter>Quelldateien</Filter>
    </ClCompile>
    <ClCompile Include="Source\Core\Scene\RayCast.cpp">
      <Filter>Quelldateien</Filter>
    </ClCompile>
    <ClCompile Include="Source\Util\RayIntersectionHelper.cpp">
      <Filter>Quelldateien</Filter>
    </ClCompile>
    <ClCompile Include="Source\Core\Scene\SceneTools\VoxelizerTools\AbstractVoxelizer.cpp">
      <Filter>Quelldateien</Filter>
    </ClCompile>
    <ClCompile Include="Source\Util\BoundingBoxHelper.cpp">
      <Filter>Quelldateien</Filter>
    </ClCompile>
    <ClCompile Include="Source\Util\Remesh.cpp">
      <Filter>Quelldateien</Filter>
    </ClCompile>
    <ClCompile Include="Source\Util\StackedBB.cpp">
      <Filter>Quelldateien</Filter>
    </ClCompile>
    <ClCompile Include="Source\Core\Scene\SceneTools\VoxelizerTools\Voxelizer.cpp">
      <Filter>Quelldateien</Filter>
    </ClCompile>
    <ClCompile Include="Source\Content\Mesh.cpp">
      <Filter>Quelldateien</Filter>
    </ClCompile>
    <ClCompile Include="Source\Core\Editor\performance_metrics.cpp">
      <Filter>Quelldateien</Filter>
    </ClCompile>
    <ClCompile Include="Source\Core\GUI\GUIBase.cpp">
      <Filter>Quelldateien</Filter>
    </ClCompile>
    <ClCompile Include="Source\Core\GUI\gui_performance_metrics.cpp">
      <Filter>Quelldateien</Filter>
    </ClCompile>
    <ClCompile Include="Source\Core\GUI\gui_scene_tools.cpp">
      <Filter>Quelldateien</Filter>
    </ClCompile>
    <ClCompile Include="Source\Core\GUI\GUIManager.cpp">
      <Filter>Quelldateien</Filter>
    </ClCompile>
    <ClCompile Include="Source\Core\GUI\LogGUI.cpp">
      <Filter>Quelldateien</Filter>
    </ClCompile>
    <ClCompile Include="Source\Core\GUI\ObjectInfo.cpp">
      <Filter>Quelldateien</Filter>
    </ClCompile>
    <ClCompile Include="Source\Core\GUI\SceneTree.cpp">
      <Filter>Quelldateien</Filter>
    </ClCompile>
    <ClCompile Include="Source\Core\PhysicsEngine\IntegrationMethods\euler_integrator.cpp">
      <Filter>Quelldateien</Filter>
    </ClCompile>
    <ClCompile Include="Source\Core\PhysicsEngine\PhysicsEngine.cpp">
      <Filter>Quelldateien</Filter>
    </ClCompile>
    <ClCompile Include="Source\Core\Renderer\camera.cpp">
      <Filter>Quelldateien</Filter>
    </ClCompile>
    <ClCompile Include="Source\Core\Renderer\framebuffer_object.cpp">
      <Filter>Quelldateien</Filter>
    </ClCompile>
    <ClCompile Include="Source\Core\Renderer\Primitives\primtitive_plane.cpp">
      <Filter>Quelldateien</Filter>
    </ClCompile>
    <ClCompile Include="Source\Core\Renderer\Primitives\quad_fill_screen.cpp">
      <Filter>Quelldateien</Filter>
    </ClCompile>
    <ClCompile Include="Source\Core\Renderer\Primitives\uv_sphere.cpp">
      <Filter>Quelldateien</Filter>
    </ClCompile>
    <ClCompile Include="Source\Core\Renderer\Primitives\vertex_array.cpp">
      <Filter>Quelldateien</Filter>
    </ClCompile>
    <ClCompile Include="Source\Core\Renderer\primitive_instance.cpp">
      <Filter>Quelldateien</Filter>
    </ClCompile>
    <ClCompile Include="Source\Core\Renderer\Shader\AbstractShaderProgram.cpp">
      <Filter>Quelldateien</Filter>
    </ClCompile>
    <ClCompile Include="Source\Core\Renderer\Shader\compute_shader.cpp">
      <Filter>Quelldateien</Filter>
    </ClCompile>
    <ClCompile Include="Source\Core\Renderer\ssbo.cpp">
      <Filter>Quelldateien</Filter>
    </ClCompile>
    <ClCompile Include="Source\Core\Renderer\ssbo_double_buffer.cpp">
      <Filter>Quelldateien</Filter>
    </ClCompile>
    <ClCompile Include="Source\Core\Renderer\Texture\tbo\tbo_float.cpp">
      <Filter>Quelldateien</Filter>
    </ClCompile>
    <ClCompile Include="Source\Core\Renderer\Texture\tbo\tbo_vec3.cpp">
      <Filter>Quelldateien</Filter>
    </ClCompile>
    <ClCompile Include="Source\Core\Renderer\Texture\texture.cpp">
      <Filter>Quelldateien</Filter>
    </ClCompile>
    <ClCompile Include="Source\Core\Renderer\Texture\texture_2d.cpp">
      <Filter>Quelldateien</Filter>
    </ClCompile>
    <ClCompile Include="Source\Core\Renderer\Texture\texture_3d.cpp">
      <Filter>Quelldateien</Filter>
    </ClCompile>
    <ClCompile Include="Source\Core\Renderer\Texture\texture_buffer_object.cpp">
      <Filter>Quelldateien</Filter>
    </ClCompile>
    <ClCompile Include="Source\Core\Renderer\uniform_buffer_object.cpp">
      <Filter>Quelldateien</Filter>
    </ClCompile>
    <ClCompile Include="Source\Core\Scene\DebugPrimitives\visual_debug_tools.cpp">
      <Filter>Quelldateien</Filter>
    </ClCompile>
    <ClCompile Include="Source\Core\Scene\Lighting\direct_light.cpp">
      <Filter>Quelldateien</Filter>
    </ClCompile>
    <ClCompile Include="Source\Core\Scene\Lighting\light.cpp">
      <Filter>Quelldateien</Filter>
    </ClCompile>
    <ClCompile Include="Source\Core\Scene\Lighting\SkyBox\sky_box.cpp">
      <Filter>Quelldateien</Filter>
    </ClCompile>
    <ClCompile Include="Source\Core\Scene\Lighting\SkyBox\sky_box_atmospheric_scattering.cpp">
      <Filter>Quelldateien</Filter>
    </ClCompile>
    <ClCompile Include="Source\Core\Scene\Lighting\SkyBox\sky_box_simple_sky_sphere.cpp">
      <Filter>Quelldateien</Filter>
    </ClCompile>
    <ClCompile Include="Source\Core\Scene\Modifiers\Implementations\Colliders\box_collider.cpp">
      <Filter>Quelldateien</Filter>
    </ClCompile>
    <ClCompile Include="Source\Core\Scene\Modifiers\Implementations\Colliders\collider_modifier.cpp">
      <Filter>Quelldateien</Filter>
    </ClCompile>
    <ClCompile Include="Source\Core\Scene\Modifiers\Implementations\Colliders\mesh_collider.cpp">
      <Filter>Quelldateien</Filter>
    </ClCompile>
    <ClCompile Include="Source\Core\Scene\Modifiers\Implementations\mass_spring_point.cpp">
      <Filter>Quelldateien</Filter>
    </ClCompile>
    <ClCompile Include="Source\Core\Scene\Modifiers\Implementations\physics_object_modifier.cpp">
      <Filter>Quelldateien</Filter>
    </ClCompile>
    <ClCompile Include="Source\Core\Scene\Modifiers\Implementations\rigid_body.cpp">
      <Filter>Quelldateien</Filter>
    </ClCompile>
    <ClCompile Include="Source\Core\Scene\Primitive3D\a_single_primitive.cpp">
      <Filter>Quelldateien</Filter>
    </ClCompile>
    <ClCompile Include="Source\Core\Scene\Primitive3D\Mesh3D.cpp">
      <Filter>Quelldateien</Filter>
    </ClCompile>
    <ClCompile Include="Source\Core\Scene\Primitive3D\plane_3d.cpp">
      <Filter>Quelldateien</Filter>
    </ClCompile>
    <ClCompile Include="Source\Core\Scene\Modifiers\modifier.cpp">
      <Filter>Quelldateien</Filter>
    </ClCompile>
    <ClCompile Include="Source\Core\Scene\Scene.cpp">
      <Filter>Quelldateien</Filter>
    </ClCompile>
    <ClCompile Include="Source\Core\Scene\SceneTools\SurfelManagerOctree.cpp">
      <Filter>Quelldateien</Filter>
    </ClCompile>
    <ClCompile Include="Source\External\imgui\backends\imgui_impl_glfw.cpp">
      <Filter>Quelldateien</Filter>
    </ClCompile>
    <ClCompile Include="Source\External\imgui\backends\imgui_impl_opengl3.cpp">
      <Filter>Quelldateien</Filter>
    </ClCompile>
    <ClCompile Include="Source\External\imgui\backends\imgui_impl_win32.cpp">
      <Filter>Quelldateien</Filter>
    </ClCompile>
    <ClCompile Include="Source\External\imgui\imgui.cpp">
      <Filter>Quelldateien</Filter>
    </ClCompile>
    <ClCompile Include="Source\External\imgui\imgui_demo.cpp">
      <Filter>Quelldateien</Filter>
    </ClCompile>
    <ClCompile Include="Source\External\imgui\imgui_draw.cpp">
      <Filter>Quelldateien</Filter>
    </ClCompile>
    <ClCompile Include="Source\External\imgui\imgui_tables.cpp">
      <Filter>Quelldateien</Filter>
    </ClCompile>
    <ClCompile Include="Source\External\imgui\imgui_widgets.cpp">
      <Filter>Quelldateien</Filter>
    </ClCompile>
    <ClCompile Include="Source\Util\angle_utils.cpp">
      <Filter>Quelldateien</Filter>
    </ClCompile>
    <ClCompile Include="Source\Util\math_util.cpp">
      <Filter>Quelldateien</Filter>
    </ClCompile>
  </ItemGroup>
  <ItemGroup>
    <ClInclude Include="Source\Content\Material.h">
      <Filter>Headerdateien</Filter>
    </ClInclude>
    <ClInclude Include="Source\Content\Mesh.h">
      <Filter>Headerdateien</Filter>
    </ClInclude>
    <ClInclude Include="Source\Core\Renderer\RenderContext.h">
      <Filter>Headerdateien</Filter>
    </ClInclude>
    <ClInclude Include="Source\Core\Renderer\Shader\ShaderProgram.h">
      <Filter>Headerdateien</Filter>
    </ClInclude>
    <ClInclude Include="Source\Core\Scene\Camera3D.h">
      <Filter>Headerdateien</Filter>
    </ClInclude>
    <ClInclude Include="Source\Core\Scene\Object3D.h">
      <Filter>Headerdateien</Filter>
    </ClInclude>
    <ClInclude Include="Source\Util\AssetLoader.h">
      <Filter>Headerdateien</Filter>
    </ClInclude>
    <ClInclude Include="Source\Core\CommonDataStructures\StructVertexArray.h">
      <Filter>Headerdateien</Filter>
    </ClInclude>
    <ClInclude Include="Source\Core\Editor\GlobalContext.h">
      <Filter>Headerdateien</Filter>
    </ClInclude>
    <ClInclude Include="Source\Core\Renderer\Primitives\Cube.h">
      <Filter>Headerdateien</Filter>
    </ClInclude>
    <ClInclude Include="Source\Core\Renderer\Primitives\Line.h">
      <Filter>Headerdateien</Filter>
    </ClInclude>
    <ClInclude Include="Source\Core\Renderer\Shader\ShaderHeaders.h">
      <Filter>Headerdateien</Filter>
    </ClInclude>
    <ClInclude Include="Source\Core\Renderer\Texture\Texture.h">
      <Filter>Headerdateien</Filter>
    </ClInclude>
    <ClInclude Include="Source\Core\Scene\Collider.h">
      <Filter>Headerdateien</Filter>
    </ClInclude>
    <ClInclude Include="Source\Core\Scene\DebugPrimitives\Cube3D.h">
      <Filter>Headerdateien</Filter>
    </ClInclude>
    <ClInclude Include="Source\Core\Scene\DebugPrimitives\Line3D.h">
      <Filter>Headerdateien</Filter>
    </ClInclude>
    <ClInclude Include="Source\Core\Scene\Handle.h">
      <Filter>Headerdateien</Filter>
    </ClInclude>
    <ClInclude Include="Source\Core\Scene\Lighting\PointLight.h">
      <Filter>Headerdateien</Filter>
    </ClInclude>
    <ClInclude Include="Source\Core\Scene\RayCast.h">
      <Filter>Headerdateien</Filter>
    </ClInclude>
    <ClInclude Include="Source\Util\RayIntersectionHelper.h">
      <Filter>Headerdateien</Filter>
    </ClInclude>
    <ClInclude Include="Source\Core\CommonDataStructures\StructMeshTriangleFilter.h">
      <Filter>Headerdateien</Filter>
    </ClInclude>
    <ClInclude Include="Source\Core\CommonDataStructures\StructBoundingBox.h">
      <Filter>Headerdateien</Filter>
    </ClInclude>
    <ClInclude Include="Source\Core\Scene\SceneTools\VoxelizerTools\AbstractVoxelizer.h">
      <Filter>Headerdateien</Filter>
    </ClInclude>
    <ClInclude Include="Source\Util\BoundingBoxHelper.h">
      <Filter>Headerdateien</Filter>
    </ClInclude>
    <ClInclude Include="Source\Util\Remesh.h">
      <Filter>Headerdateien</Filter>
    </ClInclude>
    <ClInclude Include="Source\Util\StackedBB.h">
      <Filter>Headerdateien</Filter>
    </ClInclude>
    <ClInclude Include="Source\Core\Scene\SceneTools\VoxelizerTools\Voxelizer.h">
      <Filter>Headerdateien</Filter>
    </ClInclude>
    <ClInclude Include="Source\Core\CommonDataStructures\collider_intersection.h">
      <Filter>Headerdateien</Filter>
    </ClInclude>
    <ClInclude Include="Source\Core\CommonDataStructures\collision_channel.h">
      <Filter>Headerdateien</Filter>
    </ClInclude>
    <ClInclude Include="Source\Core\CommonDataStructures\surfel_irradiance_information.h">
      <Filter>Headerdateien</Filter>
    </ClInclude>
    <ClInclude Include="Source\Core\CommonDataStructures\ray_cast_result.h">
      <Filter>Headerdateien</Filter>
    </ClInclude>
    <ClInclude Include="Source\Core\CommonDataStructures\struct_intersection.h">
      <Filter>Headerdateien</Filter>
    </ClInclude>
    <ClInclude Include="Source\Core\CommonDataStructures\StructColorRange.h">
      <Filter>Headerdateien</Filter>
    </ClInclude>
    <ClInclude Include="Source\Core\Editor\performance_metrics.h">
      <Filter>Headerdateien</Filter>
    </ClInclude>
    <ClInclude Include="Source\Core\GUI\GUIBase.h">
      <Filter>Headerdateien</Filter>
    </ClInclude>
    <ClInclude Include="Source\Core\GUI\gui_performance_metrics.h">
      <Filter>Headerdateien</Filter>
    </ClInclude>
    <ClInclude Include="Source\Core\GUI\gui_scene_tools.h">
      <Filter>Headerdateien</Filter>
    </ClInclude>
    <ClInclude Include="Source\Core\GUI\GUIManager.h">
      <Filter>Headerdateien</Filter>
    </ClInclude>
    <ClInclude Include="Source\Core\GUI\LogGUI.h">
      <Filter>Headerdateien</Filter>
    </ClInclude>
    <ClInclude Include="Source\Core\GUI\ObjectInfo.h">
      <Filter>Headerdateien</Filter>
    </ClInclude>
    <ClInclude Include="Source\Core\GUI\SceneTree.h">
      <Filter>Headerdateien</Filter>
    </ClInclude>
    <ClInclude Include="Source\Core\PhysicsEngine\IntegrationMethods\euler_integrator.h">
      <Filter>Headerdateien</Filter>
    </ClInclude>
    <ClInclude Include="Source\Core\PhysicsEngine\IntegrationMethods\Integrator.h">
      <Filter>Headerdateien</Filter>
    </ClInclude>
    <ClInclude Include="Source\Core\PhysicsEngine\PhysicsEngine.h">
      <Filter>Headerdateien</Filter>
    </ClInclude>
    <ClInclude Include="Source\Core\Renderer\camera.h">
      <Filter>Headerdateien</Filter>
    </ClInclude>
    <ClInclude Include="Source\Core\Renderer\framebuffer_object.h">
      <Filter>Headerdateien</Filter>
    </ClInclude>
    <ClInclude Include="Source\Core\Renderer\Primitives\primtitive_plane.h">
      <Filter>Headerdateien</Filter>
    </ClInclude>
    <ClInclude Include="Source\Core\Renderer\Primitives\primitive.h">
      <Filter>Headerdateien</Filter>
    </ClInclude>
    <ClInclude Include="Source\Core\Renderer\Primitives\quad_fill_screen.h">
      <Filter>Headerdateien</Filter>
    </ClInclude>
    <ClInclude Include="Source\Core\Renderer\Primitives\uv_sphere.h">
      <Filter>Headerdateien</Filter>
    </ClInclude>
    <ClInclude Include="Source\Core\Renderer\Primitives\vertex_array.h">
      <Filter>Headerdateien</Filter>
    </ClInclude>
    <ClInclude Include="Source\Core\Renderer\primitive_instance.h">
      <Filter>Headerdateien</Filter>
    </ClInclude>
    <ClInclude Include="Source\Core\Renderer\Shader\AbstractShaderProgram.h">
      <Filter>Headerdateien</Filter>
    </ClInclude>
    <ClInclude Include="Source\Core\Renderer\Shader\compute_shader.h">
      <Filter>Headerdateien</Filter>
    </ClInclude>
    <ClInclude Include="Source\Core\Renderer\ssbo.h">
      <Filter>Headerdateien</Filter>
    </ClInclude>
    <ClInclude Include="Source\Core\Renderer\ssbo_double_buffer.h">
      <Filter>Headerdateien</Filter>
    </ClInclude>
    <ClInclude Include="Source\Core\Renderer\Texture\tbo\tbo_float.h">
      <Filter>Headerdateien</Filter>
    </ClInclude>
    <ClInclude Include="Source\Core\Renderer\Texture\tbo\tbo_vec3.h">
      <Filter>Headerdateien</Filter>
    </ClInclude>
    <ClInclude Include="Source\Core\Renderer\Texture\texture_2d.h">
      <Filter>Headerdateien</Filter>
    </ClInclude>
    <ClInclude Include="Source\Core\Renderer\Texture\texture_3d.h">
      <Filter>Headerdateien</Filter>
    </ClInclude>
    <ClInclude Include="Source\Core\Renderer\Texture\texture_buffer_object.h">
      <Filter>Headerdateien</Filter>
    </ClInclude>
    <ClInclude Include="Source\Core\Renderer\uniform_buffer_object.h">
      <Filter>Headerdateien</Filter>
    </ClInclude>
    <ClInclude Include="Source\Core\Scene\DebugPrimitives\visual_debug_tools.h">
      <Filter>Headerdateien</Filter>
    </ClInclude>
    <ClInclude Include="Source\Core\Scene\Lighting\direct_light.h">
      <Filter>Headerdateien</Filter>
    </ClInclude>
    <ClInclude Include="Source\Core\Scene\Lighting\light.h">
      <Filter>Headerdateien</Filter>
    </ClInclude>
    <ClInclude Include="Source\Core\Scene\Lighting\SkyBox\sky_box.h">
      <Filter>Headerdateien</Filter>
    </ClInclude>
    <ClInclude Include="Source\Core\Scene\Lighting\SkyBox\sky_box_atmospheric_scattering.h">
      <Filter>Headerdateien</Filter>
    </ClInclude>
    <ClInclude Include="Source\Core\Scene\Lighting\SkyBox\sky_box_simple_sky_sphere.h">
      <Filter>Headerdateien</Filter>
    </ClInclude>
    <ClInclude Include="Source\Core\Scene\Modifiers\Implementations\Colliders\box_collider.h">
      <Filter>Headerdateien</Filter>
    </ClInclude>
    <ClInclude Include="Source\Core\Scene\Modifiers\Implementations\Colliders\collider_modifier.h">
      <Filter>Headerdateien</Filter>
    </ClInclude>
    <ClInclude Include="Source\Core\Scene\Modifiers\Implementations\Colliders\mesh_collider.h">
      <Filter>Headerdateien</Filter>
    </ClInclude>
    <ClInclude Include="Source\Core\Scene\Modifiers\Implementations\mass_spring_point.h">
      <Filter>Headerdateien</Filter>
    </ClInclude>
    <ClInclude Include="Source\Core\Scene\Modifiers\Implementations\physics_object_modifier.h">
      <Filter>Headerdateien</Filter>
    </ClInclude>
    <ClInclude Include="Source\Core\Scene\Modifiers\Implementations\rigid_body.h">
      <Filter>Headerdateien</Filter>
    </ClInclude>
    <ClInclude Include="Source\Core\Scene\Modifiers\modifier.h">
      <Filter>Headerdateien</Filter>
    </ClInclude>
    <ClInclude Include="Source\Core\Scene\Primitive3D\a_single_primitive.h">
      <Filter>Headerdateien</Filter>
    </ClInclude>
    <ClInclude Include="Source\Core\Scene\Primitive3D\i_set_material.h">
      <Filter>Headerdateien</Filter>
    </ClInclude>
    <ClInclude Include="Source\Core\Scene\Primitive3D\Mesh3D.h">
      <Filter>Headerdateien</Filter>
    </ClInclude>
    <ClInclude Include="Source\Core\Scene\Primitive3D\plane_3d.h">
      <Filter>Headerdateien</Filter>
    </ClInclude>
    <ClInclude Include="Source\Core\Scene\Scene.h">
      <Filter>Headerdateien</Filter>
    </ClInclude>
    <ClInclude Include="Source\Core\Scene\SceneTools\SurfelManagerOctree.h">
      <Filter>Headerdateien</Filter>
    </ClInclude>
    <ClInclude Include="Source\External\eventpp\include\eventpp\callbacklist.h">
      <Filter>Headerdateien</Filter>
    </ClInclude>
    <ClInclude Include="Source\External\eventpp\include\eventpp\eventdispatcher.h">
      <Filter>Headerdateien</Filter>
    </ClInclude>
    <ClInclude Include="Source\External\eventpp\include\eventpp\eventpolicies.h">
      <Filter>Headerdateien</Filter>
    </ClInclude>
    <ClInclude Include="Source\External\eventpp\include\eventpp\eventqueue.h">
      <Filter>Headerdateien</Filter>
    </ClInclude>
    <ClInclude Include="Source\External\eventpp\include\eventpp\hetercallbacklist.h">
      <Filter>Headerdateien</Filter>
    </ClInclude>
    <ClInclude Include="Source\External\eventpp\include\eventpp\hetereventdispatcher.h">
      <Filter>Headerdateien</Filter>
    </ClInclude>
    <ClInclude Include="Source\External\eventpp\include\eventpp\hetereventqueue.h">
      <Filter>Headerdateien</Filter>
    </ClInclude>
    <ClInclude Include="Source\External\eventpp\include\eventpp\internal\eventpolicies_i.h">
      <Filter>Headerdateien</Filter>
    </ClInclude>
    <ClInclude Include="Source\External\eventpp\include\eventpp\internal\eventqueue_i.h">
      <Filter>Headerdateien</Filter>
    </ClInclude>
    <ClInclude Include="Source\External\eventpp\include\eventpp\internal\hetercallbacklist_i.h">
      <Filter>Headerdateien</Filter>
    </ClInclude>
    <ClInclude Include="Source\External\eventpp\include\eventpp\internal\typeutil_i.h">
      <Filter>Headerdateien</Filter>
    </ClInclude>
    <ClInclude Include="Source\External\eventpp\include\eventpp\mixins\mixinfilter.h">
      <Filter>Headerdateien</Filter>
    </ClInclude>
    <ClInclude Include="Source\External\eventpp\include\eventpp\mixins\mixinheterfilter.h">
      <Filter>Headerdateien</Filter>
    </ClInclude>
    <ClInclude Include="Source\External\eventpp\include\eventpp\utilities\anydata.h">
      <Filter>Headerdateien</Filter>
    </ClInclude>
    <ClInclude Include="Source\External\eventpp\include\eventpp\utilities\anyid.h">
      <Filter>Headerdateien</Filter>
    </ClInclude>
    <ClInclude Include="Source\External\eventpp\include\eventpp\utilities\argumentadapter.h">
      <Filter>Headerdateien</Filter>
    </ClInclude>
    <ClInclude Include="Source\External\eventpp\include\eventpp\utilities\conditionalfunctor.h">
      <Filter>Headerdateien</Filter>
    </ClInclude>
    <ClInclude Include="Source\External\eventpp\include\eventpp\utilities\conditionalremover.h">
      <Filter>Headerdateien</Filter>
    </ClInclude>
    <ClInclude Include="Source\External\eventpp\include\eventpp\utilities\counterremover.h">
      <Filter>Headerdateien</Filter>
    </ClInclude>
    <ClInclude Include="Source\External\eventpp\include\eventpp\utilities\eventmaker.h">
      <Filter>Headerdateien</Filter>
    </ClInclude>
    <ClInclude Include="Source\External\eventpp\include\eventpp\utilities\eventutil.h">
      <Filter>Headerdateien</Filter>
    </ClInclude>
    <ClInclude Include="Source\External\eventpp\include\eventpp\utilities\orderedqueuelist.h">
      <Filter>Headerdateien</Filter>
    </ClInclude>
    <ClInclude Include="Source\External\eventpp\include\eventpp\utilities\scopedremover.h">
      <Filter>Headerdateien</Filter>
    </ClInclude>
    <ClInclude Include="Source\External\imgui\backends\imgui_impl_glfw.h">
      <Filter>Headerdateien</Filter>
    </ClInclude>
    <ClInclude Include="Source\External\imgui\backends\imgui_impl_opengl3.h">
      <Filter>Headerdateien</Filter>
    </ClInclude>
    <ClInclude Include="Source\External\imgui\backends\imgui_impl_opengl3_loader.h">
      <Filter>Headerdateien</Filter>
    </ClInclude>
    <ClInclude Include="Source\External\imgui\backends\imgui_impl_win32.h">
      <Filter>Headerdateien</Filter>
    </ClInclude>
    <ClInclude Include="Source\External\imgui\imconfig.h">
      <Filter>Headerdateien</Filter>
    </ClInclude>
    <ClInclude Include="Source\External\imgui\imgui.h">
      <Filter>Headerdateien</Filter>
    </ClInclude>
    <ClInclude Include="Source\External\imgui\imgui_internal.h">
      <Filter>Headerdateien</Filter>
    </ClInclude>
    <ClInclude Include="Source\External\imgui\imstb_rectpack.h">
      <Filter>Headerdateien</Filter>
    </ClInclude>
    <ClInclude Include="Source\External\imgui\imstb_textedit.h">
      <Filter>Headerdateien</Filter>
    </ClInclude>
    <ClInclude Include="Source\External\imgui\imstb_truetype.h">
      <Filter>Headerdateien</Filter>
    </ClInclude>
    <ClInclude Include="Source\Util\angle_utils.h">
      <Filter>Headerdateien</Filter>
    </ClInclude>
    <ClInclude Include="Source\Util\math_util.h">
      <Filter>Headerdateien</Filter>
    </ClInclude>
  </ItemGroup>
</Project>