<?xml version="1.0" encoding="utf-8"?>
<Project ToolsVersion="16.0" xmlns="http://schemas.microsoft.com/developer/msbuild/2003">
  <ItemGroup>
    <CustomBuild Include="H:\Code\Engine\CMakeFiles\a82384e67900ff8749061c1d82406ff7\INSTALL_force.rule">
      <Filter>CMake Rules</Filter>
    </CustomBuild>
  </ItemGroup>
  <ItemGroup>
    <Filter Include="CMake Rules">
      <UniqueIdentifier>{ADDDF4A7-DC13-3F46-BD16-3C9B09769BBA}</UniqueIdentifier>
    </Filter>
  </ItemGroup>
</Project>
